
Microsoft Visual Studio Solution File, Format Version 12.00
# Visual Studio Version 16
VisualStudioVersion = 16.0.30523.141
MinimumVisualStudioVersion = 10.0.40219.1
Project("{FAE04EC0-301F-11D3-BF4B-00C04F79EFBC}") = "Cake_Project", "Cake_Project\Cake_Project.csproj", "{9D09F185-7C5F-4B1C-95EE-378554BF87D8}"
EndProject
Global
	GlobalSection(SolutionConfigurationPlatforms) = preSolution
		Debug|Any CPU = Debug|Any CPU
		Release|Any CPU = Release|Any CPU
	EndGlobalSection
	GlobalSection(ProjectConfigurationPlatforms) = postSolution
		{9D09F185-7C5F-4B1C-95EE-378554BF87D8}.Debug|Any CPU.ActiveCfg = Debug|Any CPU
		{9D09F185-7C5F-4B1C-95EE-378554BF87D8}.Debug|Any CPU.Build.0 = Debug|Any CPU
		{9D09F185-7C5F-4B1C-95EE-378554BF87D8}.Release|Any CPU.ActiveCfg = Release|Any CPU
		{9D09F185-7C5F-4B1C-95EE-378554BF87D8}.Release|Any CPU.Build.0 = Release|Any CPU
	EndGlobalSection
	GlobalSection(SolutionProperties) = preSolution
		HideSolutionNode = FALSE
	EndGlobalSection
	GlobalSection(ExtensibilityGlobals) = postSolution
		SolutionGuid = {13A5EEA8-1573-4EE7-B960-DAA93296612D}
	EndGlobalSection
EndGlobal
